{
  "name": "modul2-dasarnode",
  "version": "1.0.0",
  "lockfileVersion": 2,
  "requires": true,
  "packages": {
    "": {
      "name": "modul2-dasarnode",
      "version": "1.0.0",
      "license": "ISC",
      "dependencies": {
        "iodash": "^0.0.1-security",
        "lodash": "^4.17.21",
        "moment": "^2.29.1"
      }
    },
    "node_modules/iodash": {
      "version": "0.0.1-security",
      "resolved": "https://registry.npmjs.org/iodash/-/iodash-0.0.1-security.tgz",
      "integrity": "sha512-l6mbkgKUGpw84Rv6UTyczPZeXi6WUZz351ibjdReiEygj62GFlRJ6PJiNDLqjA25EoDgdWWBWXB7NdauvqpQmw=="
    },
    "node_modules/lodash": {
      "version": "4.17.21",
      "resolved": "https://registry.npmjs.org/lodash/-/lodash-4.17.21.tgz",
      "integrity": "sha512-v2kDEe57lecTulaDIuNTPy3Ry4gLGJ6Z1O3vE1krgXZNrsQ+LFTGHVxVjcXPs17LhbZVGedAJv8XZ1tvj5FvSg=="
    },
    "node_modules/moment": {
      "version": "2.29.1",
      "resolved": "https://registry.npmjs.org/moment/-/moment-2.29.1.tgz",
      "integrity": "sha512-kHmoybcPV8Sqy59DwNDY3Jefr64lK/by/da0ViFcuA4DH0vQg5Q6Ze5VimxkfQNSC+Mls/Kx53s7TjP1RhFEDQ==",
      "engines": {
        "node": "*"
      }
    }
  },
  "dependencies": {
    "iodash": {
      "version": "0.0.1-security",
      "resolved": "https://registry.npmjs.org/iodash/-/iodash-0.0.1-security.tgz",
      "integrity": "sha512-l6mbkgKUGpw84Rv6UTyczPZeXi6WUZz351ibjdReiEygj62GFlRJ6PJiNDLqjA25EoDgdWWBWXB7NdauvqpQmw=="
    },
    "lodash": {
      "version": "4.17.21",
      "resolved": "https://registry.npmjs.org/lodash/-/lodash-4.17.21.tgz",
      "integrity": "sha512-v2kDEe57lecTulaDIuNTPy3Ry4gLGJ6Z1O3vE1krgXZNrsQ+LFTGHVxVjcXPs17LhbZVGedAJv8XZ1tvj5FvSg=="
    },
    "moment": {
      "version": "2.29.1",
      "resolved": "https://registry.npmjs.org/moment/-/moment-2.29.1.tgz",
      "integrity": "sha512-kHmoybcPV8Sqy59DwNDY3Jefr64lK/by/da0ViFcuA4DH0vQg5Q6Ze5VimxkfQNSC+Mls/Kx53s7TjP1RhFEDQ=="
    }
  }
}
